# THIS IS AN AUTOGENERATED FILE. DO NOT EDIT THIS FILE DIRECTLY.
# yarn lockfile v1


"@d0whc3r/stencil-inline-file@^0.1.2":
  version "0.1.2"
  resolved "https://registry.yarnpkg.com/@d0whc3r/stencil-inline-file/-/stencil-inline-file-0.1.2.tgz#7fc24ce24fec67c62398f998bb1593d87a0210f2"
  integrity sha512-MSqlsUM+CD0tHBBldLxiJCyVlf/SHhEQTgv+gw1430yCO+8NNXsTAVMCAbPRxgBqxGiMuol7kISO9pVygTrEsA==
  dependencies:
    mime "^2.4.3"

"@stencil/core@^2.4.0":
  version "2.19.2"
  resolved "https://registry.yarnpkg.com/@stencil/core/-/core-2.19.2.tgz#87fb22cad487e667e533dc61d542f75af9932265"
  integrity sha512-TK3sHqyQAACwcac4fWntypFtN9c/y+y9ioZojeCnNDY3dxF33Ax70lL9ZLDyQnWWR+aTh1WFoqB5sYOnZIUKMA==

"@types/node@^16.7.13":
  version "16.18.3"
  resolved "https://registry.yarnpkg.com/@types/node/-/node-16.18.3.tgz#d7f7ba828ad9e540270f01ce00d391c54e6e0abc"
  integrity sha512-jh6m0QUhIRcZpNv7Z/rpN+ZWXOicUUQbSoWks7Htkbb9IjFQj4kzcX/xFCkjstCj5flMsN8FiSvt+q+Tcs4Llg==

"@vladmandic/face-api@^1.6.4":
  version "1.7.6"
  resolved "https://registry.yarnpkg.com/@vladmandic/face-api/-/face-api-1.7.6.tgz#3f5e7ad0cdb21199605836e6a1570d2db2ce037b"
  integrity sha512-fpDRxKPYr1Isrjx1UoUdno5cWvFrpjZ3t6MJiUH9Xgs3SX/JZw3rbhuMNlu6TumjbUXQsP+fH0CkPU2TyKQ+Lw==

balanced-match@^1.0.0:
  version "1.0.2"
  resolved "https://registry.yarnpkg.com/balanced-match/-/balanced-match-1.0.2.tgz#e83e3a7e3f300b34cb9d87f615fa0cbf357690ee"
  integrity sha512-3oSeUO0TMV67hN1AmbXsK4yaqU7tjiHlbxRDZOpH0KW9+CeX4bRAaX0Anxt0tx2MrpRpWwQaPwIlISEJhYU5Pw==

brace-expansion@^1.1.7:
  version "1.1.11"
  resolved "https://registry.yarnpkg.com/brace-expansion/-/brace-expansion-1.1.11.tgz#3c7fcbf529d87226f3d2f52b966ff5271eb441dd"
  integrity sha512-iCuPHDFgrHX7H2vEI/5xpz07zSHB00TpugqhmYtVmMO6518mCuRMoOYFldEBl0g187ufozdaHgWKcYFb61qGiA==
  dependencies:
    balanced-match "^1.0.0"
    concat-map "0.0.1"

concat-map@0.0.1:
  version "0.0.1"
  resolved "https://registry.yarnpkg.com/concat-map/-/concat-map-0.0.1.tgz#d8a96bd77fd68df7793a73036a3ba0d5405d477b"
  integrity sha512-/Srv4dswyQNBfohGpz9o6Yb3Gz3SrUDqBH5rTuhGR7ahtlbYKnVxw2bCFMRljaA7EXHaXZ8wsHdodFvbkhKmqg==

estree-walker@^0.2.1:
  version "0.2.1"
  resolved "https://registry.yarnpkg.com/estree-walker/-/estree-walker-0.2.1.tgz#bdafe8095383d8414d5dc2ecf4c9173b6db9412e"
  integrity sha512-6/I1dwNKk0N9iGOU3ydzAAurz4NPo/ttxZNCqgIVbWFvWyzWBSNonRrJ5CpjDuyBfmM7ENN7WCzUi9aT/UPXXQ==

kalmanjs@^1.1.0:
  version "1.1.0"
  resolved "https://registry.yarnpkg.com/kalmanjs/-/kalmanjs-1.1.0.tgz#9554566a0a7ca72722d35a23ab05915c0ddba99e"
  integrity sha512-Gkm2DAKIX8geuDcEJ92e80EmQ6TyIzWBJk6AFk+aDLofQ4G/KoDe1RCY9WMuXFe0NQxsTi7HYh9BVQneOtlvkg==

mime@^2.4.3:
  version "2.6.0"
  resolved "https://registry.yarnpkg.com/mime/-/mime-2.6.0.tgz#a2a682a95cd4d0cb1d6257e28f83da7e35800367"
  integrity sha512-USPkMeET31rOMiarsBNIHZKLGgvKc/LrjofAnBlOttf5ajRvqiRA8QsenbcooctK6d6Ts6aqZXBA+XbkKthiQg==

minimatch@^3.0.2:
  version "3.1.2"
  resolved "https://registry.yarnpkg.com/minimatch/-/minimatch-3.1.2.tgz#19cd194bfd3e428f049a70817c038d89ab4be35b"
  integrity sha512-J7p63hRiAjw1NDEww1W7i37+ByIrOWO5XQQAzZ3VOcL0PNybwpfmV/N05zFAzwQ9USyEcX6t3UO+K5aqBQOIHw==
  dependencies:
    brace-expansion "^1.1.7"

node-fetch@^2.1.2:
  version "2.6.7"
  resolved "https://registry.yarnpkg.com/node-fetch/-/node-fetch-2.6.7.tgz#24de9fba827e3b4ae44dc8b20256a379160052ad"
  integrity sha512-ZjMPFEfVx5j+y2yF35Kzx5sF7kDzxuDj6ziH4FFbOp87zKDZNx8yExJIb05OGF4Nlt9IHFIMBkRl41VdvcNdbQ==
  dependencies:
    whatwg-url "^5.0.0"

piexifjs@^1.0.4:
  version "1.0.6"
  resolved "https://registry.yarnpkg.com/piexifjs/-/piexifjs-1.0.6.tgz#883811d73f447218d0d06e9ed7866d04533e59e0"
  integrity sha512-0wVyH0cKohzBQ5Gi2V1BuxYpxWfxF3cSqfFXfPIpl5tl9XLS5z4ogqhUCD20AbHi0h9aJkqXNJnkVev6gwh2ag==

rollup-plugin-image@^1.0.2:
  version "1.0.2"
  resolved "https://registry.yarnpkg.com/rollup-plugin-image/-/rollup-plugin-image-1.0.2.tgz#77c6782daedebee6e0a858c4017905846919da2a"
  integrity sha512-pBhSK+x5lq3qjMwSKz0HQO40YPE/hZ47j0ksGNsJH+QZvVHVTDGCjvlDSk+yUgRSNS7+u7yMT1t05w/kotYDqQ==
  dependencies:
    rollup-pluginutils "^1.3.1"

rollup-pluginutils@^1.3.1:
  version "1.5.2"
  resolved "https://registry.yarnpkg.com/rollup-pluginutils/-/rollup-pluginutils-1.5.2.tgz#1e156e778f94b7255bfa1b3d0178be8f5c552408"
  integrity sha512-SjdWWWO/CUoMpDy8RUbZ/pSpG68YHmhk5ROKNIoi2En9bJ8bTt3IhYi254RWiTclQmL7Awmrq+rZFOhZkJAHmQ==
  dependencies:
    estree-walker "^0.2.1"
    minimatch "^3.0.2"

stencil-fragment@^1.0.1:
  version "1.0.1"
  resolved "https://registry.yarnpkg.com/stencil-fragment/-/stencil-fragment-1.0.1.tgz#101fecda1bcd476bdf92ee2819fe961ecc04c970"
  integrity sha512-ih2X+LDaIB3ybQxXvtGeOS3BfwPB4ZJFuiQnv8Gf1JJGNZHB5XH54EyOa19g5brLQYdjPrzzLsgfuzUz8YWEkw==

tr46@~0.0.3:
  version "0.0.3"
  resolved "https://registry.yarnpkg.com/tr46/-/tr46-0.0.3.tgz#8184fd347dac9cdc185992f3a6622e14b9d9ab6a"
  integrity sha512-N3WMsuqV66lT30CrXNbEjx4GEwlow3v6rr4mCcv6prnfwhS01rkgyFdjPNBYd9br7LpXV1+Emh01fHnq2Gdgrw==

webidl-conversions@^3.0.0:
  version "3.0.1"
  resolved "https://registry.yarnpkg.com/webidl-conversions/-/webidl-conversions-3.0.1.tgz#24534275e2a7bc6be7bc86611cc16ae0a5654871"
  integrity sha512-2JAn3z8AR6rjK8Sm8orRC0h/bcl/DqL7tRPdGZ4I1CjdF+EaMLmYxBHyXuKL849eucPFhvBoxMsflfOb8kxaeQ==

whatwg-url@^5.0.0:
  version "5.0.0"
  resolved "https://registry.yarnpkg.com/whatwg-url/-/whatwg-url-5.0.0.tgz#966454e8765462e37644d3626f6742ce8b70965d"
  integrity sha512-saE57nupxk6v3HY35+jzBwYa0rKSy0XR8JSxZPwgLr7ys0IBzhGviA1/TUGJLmSVqs8pb9AnvICXEuOHLprYTw==
  dependencies:
    tr46 "~0.0.3"
    webidl-conversions "^3.0.0"
